
Microsoft Visual Studio Solution File, Format Version 12.00
# Visual Studio 15
VisualStudioVersion = 15.0.33403.129
MinimumVisualStudioVersion = 10.0.40219.1
Project("{FAE04EC0-301F-11D3-BF4B-00C04F79EFBC}") = "DataAccess", "DataAccess\DataAccess.csproj", "{492BCC1C-B2DA-4779-9B6D-B247805F16D7}"
EndProject
Project("{FAE04EC0-301F-11D3-BF4B-00C04F79EFBC}") = "DTOModel", "DTOModel\DTOModel.csproj", "{9D10DBF6-C815-4644-B7B3-1277BD626A23}"
EndProject
Project("{FAE04EC0-301F-11D3-BF4B-00C04F79EFBC}") = "Interfaces", "Interfaces\Interfaces.csproj", "{DDCAEA8C-E06B-4D34-9807-57DC2F71BD72}"
EndProject
Project("{FAE04EC0-301F-11D3-BF4B-00C04F79EFBC}") = "MathSoftAuthPlatForm", "YINSHENGGUO\MathSoftAuthPlatForm.csproj", "{60DAA6C5-9EFF-4811-BAC9-379D82116887}"
EndProject
Project("{FAE04EC0-301F-11D3-BF4B-00C04F79EFBC}") = "Business", "Business\Business.csproj", "{C23C8D54-4719-408E-AC72-AC48E7A63C19}"
EndProject
Global
	GlobalSection(SolutionConfigurationPlatforms) = preSolution
		Debug|Any CPU = Debug|Any CPU
		Release|Any CPU = Release|Any CPU
	EndGlobalSection
	GlobalSection(ProjectConfigurationPlatforms) = postSolution
		{492BCC1C-B2DA-4779-9B6D-B247805F16D7}.Debug|Any CPU.ActiveCfg = Debug|Any CPU
		{492BCC1C-B2DA-4779-9B6D-B247805F16D7}.Debug|Any CPU.Build.0 = Debug|Any CPU
		{492BCC1C-B2DA-4779-9B6D-B247805F16D7}.Release|Any CPU.ActiveCfg = Release|Any CPU
		{492BCC1C-B2DA-4779-9B6D-B247805F16D7}.Release|Any CPU.Build.0 = Release|Any CPU
		{9D10DBF6-C815-4644-B7B3-1277BD626A23}.Debug|Any CPU.ActiveCfg = Debug|Any CPU
		{9D10DBF6-C815-4644-B7B3-1277BD626A23}.Debug|Any CPU.Build.0 = Debug|Any CPU
		{9D10DBF6-C815-4644-B7B3-1277BD626A23}.Release|Any CPU.ActiveCfg = Release|Any CPU
		{9D10DBF6-C815-4644-B7B3-1277BD626A23}.Release|Any CPU.Build.0 = Release|Any CPU
		{DDCAEA8C-E06B-4D34-9807-57DC2F71BD72}.Debug|Any CPU.ActiveCfg = Debug|Any CPU
		{DDCAEA8C-E06B-4D34-9807-57DC2F71BD72}.Debug|Any CPU.Build.0 = Debug|Any CPU
		{DDCAEA8C-E06B-4D34-9807-57DC2F71BD72}.Release|Any CPU.ActiveCfg = Release|Any CPU
		{DDCAEA8C-E06B-4D34-9807-57DC2F71BD72}.Release|Any CPU.Build.0 = Release|Any CPU
		{60DAA6C5-9EFF-4811-BAC9-379D82116887}.Debug|Any CPU.ActiveCfg = Debug|Any CPU
		{60DAA6C5-9EFF-4811-BAC9-379D82116887}.Debug|Any CPU.Build.0 = Debug|Any CPU
		{60DAA6C5-9EFF-4811-BAC9-379D82116887}.Release|Any CPU.ActiveCfg = Release|Any CPU
		{60DAA6C5-9EFF-4811-BAC9-379D82116887}.Release|Any CPU.Build.0 = Release|Any CPU
		{C23C8D54-4719-408E-AC72-AC48E7A63C19}.Debug|Any CPU.ActiveCfg = Debug|Any CPU
		{C23C8D54-4719-408E-AC72-AC48E7A63C19}.Debug|Any CPU.Build.0 = Debug|Any CPU
		{C23C8D54-4719-408E-AC72-AC48E7A63C19}.Release|Any CPU.ActiveCfg = Release|Any CPU
		{C23C8D54-4719-408E-AC72-AC48E7A63C19}.Release|Any CPU.Build.0 = Release|Any CPU
	EndGlobalSection
	GlobalSection(SolutionProperties) = preSolution
		HideSolutionNode = FALSE
	EndGlobalSection
	GlobalSection(ExtensibilityGlobals) = postSolution
		SolutionGuid = {C4CDE58F-471F-4998-B091-EE2956B77330}
	EndGlobalSection
EndGlobal
